
Microsoft Visual Studio Solution File, Format Version 12.00
# Visual Studio Version 17
VisualStudioVersion = 17.8.34330.188
MinimumVisualStudioVersion = 10.0.40219.1
Project("{9A19103F-16F7-4668-BE54-9A1E7A4F7556}") = "SampleCode.ApiGateway", "SampleCode.ApiGateway\SampleCode.ApiGateway.csproj", "{1B721FDE-FA40-492B-9DF5-CB594AD07FEC}"
EndProject
Global
	GlobalSection(SolutionConfigurationPlatforms) = preSolution
		Debug|Any CPU = Debug|Any CPU
		Release|Any CPU = Release|Any CPU
	EndGlobalSection
	GlobalSection(ProjectConfigurationPlatforms) = postSolution
		{1B721FDE-FA40-492B-9DF5-CB594AD07FEC}.Debug|Any CPU.ActiveCfg = Debug|Any CPU
		{1B721FDE-FA40-492B-9DF5-CB594AD07FEC}.Debug|Any CPU.Build.0 = Debug|Any CPU
		{1B721FDE-FA40-492B-9DF5-CB594AD07FEC}.Release|Any CPU.ActiveCfg = Release|Any CPU
		{1B721FDE-FA40-492B-9DF5-CB594AD07FEC}.Release|Any CPU.Build.0 = Release|Any CPU
	EndGlobalSection
	GlobalSection(SolutionProperties) = preSolution
		HideSolutionNode = FALSE
	EndGlobalSection
	GlobalSection(ExtensibilityGlobals) = postSolution
		SolutionGuid = {D49A5438-E7EB-4226-A5E5-A6EB5F9B5215}
	EndGlobalSection
EndGlobal
